
Microsoft Visual Studio Solution File, Format Version 12.00
# Visual Studio 15
VisualStudioVersion = 15.0.28307.271
MinimumVisualStudioVersion = 10.0.40219.1
Project("{FAE04EC0-301F-11D3-BF4B-00C04F79EFBC}") = "PoE-Trade-Overlay", "PoE-Trade-Overlay\PoE-Trade-Overlay.csproj", "{C7144FAF-010B-497D-8241-C3D35B3F1E00}"
EndProject
Global
	GlobalSection(SolutionConfigurationPlatforms) = preSolution
		Debug|Any CPU = Debug|Any CPU
		Release|Any CPU = Release|Any CPU
	EndGlobalSection
	GlobalSection(ProjectConfigurationPlatforms) = postSolution
		{C7144FAF-010B-497D-8241-C3D35B3F1E00}.Debug|Any CPU.ActiveCfg = Debug|Any CPU
		{C7144FAF-010B-497D-8241-C3D35B3F1E00}.Debug|Any CPU.Build.0 = Debug|Any CPU
		{C7144FAF-010B-497D-8241-C3D35B3F1E00}.Release|Any CPU.ActiveCfg = Release|Any CPU
		{C7144FAF-010B-497D-8241-C3D35B3F1E00}.Release|Any CPU.Build.0 = Release|Any CPU
	EndGlobalSection
	GlobalSection(SolutionProperties) = preSolution
		HideSolutionNode = FALSE
	EndGlobalSection
	GlobalSection(ExtensibilityGlobals) = postSolution
		SolutionGuid = {D9E5ECD3-6E86-4D07-B9F8-54E0ABAF1A3B}
	EndGlobalSection
EndGlobal
